Microsoft Visual Studio Solution File, Format Version 11.00
# Visual Studio 2017

Project("{8BC9CEB8-8B4A-11D0-8D11-00A0C91BC942}") = "CSVtoMidi - Standalone Plugin", "CSVtoMidi_StandalonePlugin.vcxproj", "{C39BFE00-71CE-4302-7FE9-A3842F91FC5E}"
	ProjectSection(ProjectDependencies) = postProject
		{88D5A0D8-4E10-7529-8D23-7A07732AEB83} = {88D5A0D8-4E10-7529-8D23-7A07732AEB83}
	EndProjectSection
EndProject
Project("{8BC9CEB8-8B4A-11D0-8D11-00A0C91BC942}") = "CSVtoMidi - VST", "CSVtoMidi_VST.vcxproj", "{4775C0DA-DB35-036F-268E-87CBC4C138D7}"
	ProjectSection(ProjectDependencies) = postProject
		{88D5A0D8-4E10-7529-8D23-7A07732AEB83} = {88D5A0D8-4E10-7529-8D23-7A07732AEB83}
	EndProjectSection
EndProject
Project("{8BC9CEB8-8B4A-11D0-8D11-00A0C91BC942}") = "CSVtoMidi - Shared Code", "CSVtoMidi_SharedCode.vcxproj", "{88D5A0D8-4E10-7529-8D23-7A07732AEB83}"
EndProject
Global
	GlobalSection(SolutionConfigurationPlatforms) = preSolution
		Debug|Win32 = Debug|Win32
		Release|Win32 = Release|Win32
	EndGlobalSection
	GlobalSection(ProjectConfigurationPlatforms) = postSolution
		{4775C0DA-DB35-036F-268E-87CBC4C138D7}.Debug|Win32.ActiveCfg = Debug|Win32
		{4775C0DA-DB35-036F-268E-87CBC4C138D7}.Debug|Win32.Build.0 = Debug|Win32
		{4775C0DA-DB35-036F-268E-87CBC4C138D7}.Release|Win32.ActiveCfg = Release|Win32
		{4775C0DA-DB35-036F-268E-87CBC4C138D7}.Release|Win32.Build.0 = Release|Win32
		{C39BFE00-71CE-4302-7FE9-A3842F91FC5E}.Debug|Win32.ActiveCfg = Debug|Win32
		{C39BFE00-71CE-4302-7FE9-A3842F91FC5E}.Debug|Win32.Build.0 = Debug|Win32
		{C39BFE00-71CE-4302-7FE9-A3842F91FC5E}.Release|Win32.ActiveCfg = Release|Win32
		{C39BFE00-71CE-4302-7FE9-A3842F91FC5E}.Release|Win32.Build.0 = Release|Win32
		{88D5A0D8-4E10-7529-8D23-7A07732AEB83}.Debug|Win32.ActiveCfg = Debug|Win32
		{88D5A0D8-4E10-7529-8D23-7A07732AEB83}.Debug|Win32.Build.0 = Debug|Win32
		{88D5A0D8-4E10-7529-8D23-7A07732AEB83}.Release|Win32.ActiveCfg = Release|Win32
		{88D5A0D8-4E10-7529-8D23-7A07732AEB83}.Release|Win32.Build.0 = Release|Win32
	EndGlobalSection
	GlobalSection(SolutionProperties) = preSolution
		HideSolutionNode = FALSE
	EndGlobalSection
EndGlobal
